
Microsoft Visual Studio Solution File, Format Version 12.00
# Visual Studio Version 17
VisualStudioVersion = 17.0.32014.148
MinimumVisualStudioVersion = 10.0.40219.1
Project("{8BC9CEB8-8B4A-11D0-8D11-00A0C91BC942}") = "mix_people", "mix_people.vcxproj", "{9B677C28-D45D-42F0-8E6C-1D1148BB03D3}"
EndProject
Global
	GlobalSection(SolutionConfigurationPlatforms) = preSolution
		Debug|x64 = Debug|x64
		Debug|x86 = Debug|x86
		Release|x64 = Release|x64
		Release|x86 = Release|x86
	EndGlobalSection
	GlobalSection(ProjectConfigurationPlatforms) = postSolution
		{9B677C28-D45D-42F0-8E6C-1D1148BB03D3}.Debug|x64.ActiveCfg = Debug|x64
		{9B677C28-D45D-42F0-8E6C-1D1148BB03D3}.Debug|x64.Build.0 = Debug|x64
		{9B677C28-D45D-42F0-8E6C-1D1148BB03D3}.Debug|x86.ActiveCfg = Debug|Win32
		{9B677C28-D45D-42F0-8E6C-1D1148BB03D3}.Debug|x86.Build.0 = Debug|Win32
		{9B677C28-D45D-42F0-8E6C-1D1148BB03D3}.Release|x64.ActiveCfg = Release|x64
		{9B677C28-D45D-42F0-8E6C-1D1148BB03D3}.Release|x64.Build.0 = Release|x64
		{9B677C28-D45D-42F0-8E6C-1D1148BB03D3}.Release|x86.ActiveCfg = Release|Win32
		{9B677C28-D45D-42F0-8E6C-1D1148BB03D3}.Release|x86.Build.0 = Release|Win32
	EndGlobalSection
	GlobalSection(SolutionProperties) = preSolution
		HideSolutionNode = FALSE
	EndGlobalSection
	GlobalSection(ExtensibilityGlobals) = postSolution
		SolutionGuid = {5B7A09F4-2E05-49C9-B3BD-0016ED542508}
	EndGlobalSection
EndGlobal
